
Microsoft Visual Studio Solution File, Format Version 12.00
# Visual Studio Version 17
VisualStudioVersion = 17.7.34031.279
MinimumVisualStudioVersion = 10.0.40219.1
Project("{FAE04EC0-301F-11D3-BF4B-00C04F79EFBC}") = "HTTPReq", "HTTPReq\HTTPReq.csproj", "{1CF7DD4F-9E39-48CF-9A25-FC78E431D365}"
EndProject
Global
	GlobalSection(SolutionConfigurationPlatforms) = preSolution
		Debug|Any CPU = Debug|Any CPU
		Release|Any CPU = Release|Any CPU
	EndGlobalSection
	GlobalSection(ProjectConfigurationPlatforms) = postSolution
		{1CF7DD4F-9E39-48CF-9A25-FC78E431D365}.Debug|Any CPU.ActiveCfg = Debug|Any CPU
		{1CF7DD4F-9E39-48CF-9A25-FC78E431D365}.Debug|Any CPU.Build.0 = Debug|Any CPU
		{1CF7DD4F-9E39-48CF-9A25-FC78E431D365}.Release|Any CPU.ActiveCfg = Release|Any CPU
		{1CF7DD4F-9E39-48CF-9A25-FC78E431D365}.Release|Any CPU.Build.0 = Release|Any CPU
	EndGlobalSection
	GlobalSection(SolutionProperties) = preSolution
		HideSolutionNode = FALSE
	EndGlobalSection
	GlobalSection(ExtensibilityGlobals) = postSolution
		SolutionGuid = {2C957A65-6B20-4732-86B2-FD1DA32036F0}
	EndGlobalSection
EndGlobal
